
Microsoft Visual Studio Solution File, Format Version 12.00
# Visual Studio Version 17
VisualStudioVersion = 17.9.34728.123
MinimumVisualStudioVersion = 10.0.40219.1
Project("{FAE04EC0-301F-11D3-BF4B-00C04F79EFBC}") = "ConsoleApp1", "ConsoleApp1\ConsoleApp1.csproj", "{FAED1FB1-A530-401B-9A11-EC47F12E4575}"
EndProject
Project("{FAE04EC0-301F-11D3-BF4B-00C04F79EFBC}") = "libFormula", "libFormula\libFormula.csproj", "{723078C7-4FD1-4926-8314-ABEDFA8966C3}"
EndProject
Project("{FAE04EC0-301F-11D3-BF4B-00C04F79EFBC}") = "ConsoleApp2_use_dll", "ConsoleApp2_use_dll\ConsoleApp2_use_dll.csproj", "{BD3D4B31-E67E-4174-95D9-37153ECBFC0E}"
EndProject
Project("{FAE04EC0-301F-11D3-BF4B-00C04F79EFBC}") = "WebV1", "WebV1\WebV1.csproj", "{635DA42A-D919-4EA8-8609-BF45B8721877}"
EndProject
Project("{FAE04EC0-301F-11D3-BF4B-00C04F79EFBC}") = "WebV2", "WebV2\WebV2.csproj", "{DE4667C5-E2B1-461E-89F7-EDFAA8209377}"
EndProject
Global
	GlobalSection(SolutionConfigurationPlatforms) = preSolution
		Debug|Any CPU = Debug|Any CPU
		Release|Any CPU = Release|Any CPU
	EndGlobalSection
	GlobalSection(ProjectConfigurationPlatforms) = postSolution
		{FAED1FB1-A530-401B-9A11-EC47F12E4575}.Debug|Any CPU.ActiveCfg = Debug|Any CPU
		{FAED1FB1-A530-401B-9A11-EC47F12E4575}.Debug|Any CPU.Build.0 = Debug|Any CPU
		{FAED1FB1-A530-401B-9A11-EC47F12E4575}.Release|Any CPU.ActiveCfg = Release|Any CPU
		{FAED1FB1-A530-401B-9A11-EC47F12E4575}.Release|Any CPU.Build.0 = Release|Any CPU
		{723078C7-4FD1-4926-8314-ABEDFA8966C3}.Debug|Any CPU.ActiveCfg = Debug|Any CPU
		{723078C7-4FD1-4926-8314-ABEDFA8966C3}.Debug|Any CPU.Build.0 = Debug|Any CPU
		{723078C7-4FD1-4926-8314-ABEDFA8966C3}.Release|Any CPU.ActiveCfg = Release|Any CPU
		{723078C7-4FD1-4926-8314-ABEDFA8966C3}.Release|Any CPU.Build.0 = Release|Any CPU
		{BD3D4B31-E67E-4174-95D9-37153ECBFC0E}.Debug|Any CPU.ActiveCfg = Debug|Any CPU
		{BD3D4B31-E67E-4174-95D9-37153ECBFC0E}.Debug|Any CPU.Build.0 = Debug|Any CPU
		{BD3D4B31-E67E-4174-95D9-37153ECBFC0E}.Release|Any CPU.ActiveCfg = Release|Any CPU
		{BD3D4B31-E67E-4174-95D9-37153ECBFC0E}.Release|Any CPU.Build.0 = Release|Any CPU
		{635DA42A-D919-4EA8-8609-BF45B8721877}.Debug|Any CPU.ActiveCfg = Debug|Any CPU
		{635DA42A-D919-4EA8-8609-BF45B8721877}.Debug|Any CPU.Build.0 = Debug|Any CPU
		{635DA42A-D919-4EA8-8609-BF45B8721877}.Release|Any CPU.ActiveCfg = Release|Any CPU
		{635DA42A-D919-4EA8-8609-BF45B8721877}.Release|Any CPU.Build.0 = Release|Any CPU
		{DE4667C5-E2B1-461E-89F7-EDFAA8209377}.Debug|Any CPU.ActiveCfg = Debug|Any CPU
		{DE4667C5-E2B1-461E-89F7-EDFAA8209377}.Debug|Any CPU.Build.0 = Debug|Any CPU
		{DE4667C5-E2B1-461E-89F7-EDFAA8209377}.Release|Any CPU.ActiveCfg = Release|Any CPU
		{DE4667C5-E2B1-461E-89F7-EDFAA8209377}.Release|Any CPU.Build.0 = Release|Any CPU
	EndGlobalSection
	GlobalSection(SolutionProperties) = preSolution
		HideSolutionNode = FALSE
	EndGlobalSection
	GlobalSection(ExtensibilityGlobals) = postSolution
		SolutionGuid = {BE19DF8C-801F-434F-9A18-B44228A9CA33}
	EndGlobalSection
EndGlobal
